
Microsoft Visual Studio Solution File, Format Version 12.00
# Visual Studio Version 17
VisualStudioVersion = 17.0.31919.166
MinimumVisualStudioVersion = 10.0.40219.1
Project("{F184B08F-C81C-45F6-A57F-5ABD9991F28F}") = "SQL_VB_Listen", "SQL_VB_Listen\SQL_VB_Listen.vbproj", "{838E3433-56BB-4EE6-90DD-7F0A647325F8}"
EndProject
Global
	GlobalSection(SolutionConfigurationPlatforms) = preSolution
		Debug|Any CPU = Debug|Any CPU
		Release|Any CPU = Release|Any CPU
	EndGlobalSection
	GlobalSection(ProjectConfigurationPlatforms) = postSolution
		{838E3433-56BB-4EE6-90DD-7F0A647325F8}.Debug|Any CPU.ActiveCfg = Debug|Any CPU
		{838E3433-56BB-4EE6-90DD-7F0A647325F8}.Debug|Any CPU.Build.0 = Debug|Any CPU
		{838E3433-56BB-4EE6-90DD-7F0A647325F8}.Release|Any CPU.ActiveCfg = Release|Any CPU
		{838E3433-56BB-4EE6-90DD-7F0A647325F8}.Release|Any CPU.Build.0 = Release|Any CPU
	EndGlobalSection
	GlobalSection(SolutionProperties) = preSolution
		HideSolutionNode = FALSE
	EndGlobalSection
	GlobalSection(ExtensibilityGlobals) = postSolution
		SolutionGuid = {DA1DE4EA-C586-482F-88CE-0CFDB4305A20}
	EndGlobalSection
EndGlobal
